# This file is automatically @generated by Cargo.
# It is not intended for manual editing.
version = 4

[[package]]
name = "drdr-edit"
version = "0.1.0"

[[package]]
name = "drdr-files"
version = "0.1.0"

[[package]]
name = "drdr-font"
version = "0.1.0"

[[package]]
name = "drdr-init"
version = "0.1.0"

[[package]]
name = "drdr-net"
version = "0.1.0"

[[package]]
name = "drdr-shell"
version = "0.1.0"

[[package]]
name = "drdr-ui"
version = "0.1.0"
